// !$*UTF8*$!
{
	archiveVersion = 1;
	classes = {
	};
	objectVersion = 48;
	objects = {

/* Begin PBXBuildFile section */
		C2C122D31FAC102500A85EAB /* AppDelegate.m in Sources */ = {isa = PBXBuildFile; fileRef = C2C122D21FAC102500A85EAB /* AppDelegate.m */; };
		C2C122D61FAC102500A85EAB /* ViewController.m in Sources */ = {isa = PBXBuildFile; fileRef = C2C122D51FAC102500A85EAB /* ViewController.m */; };
		C2C122D91FAC102500A85EAB /* Main.storyboard in Resources */ = {isa = PBXBuildFile; fileRef = C2C122D71FAC102500A85EAB /* Main.storyboard */; };
		C2C122DB1FAC102500A85EAB /* Assets.xcassets in Resources */ = {isa = PBXBuildFile; fileRef = C2C122DA1FAC102500A85EAB /* Assets.xcassets */; };
		C2C122DE1FAC102500A85EAB /* LaunchScreen.storyboard in Resources */ = {isa = PBXBuildFile; fileRef = C2C122DC1FAC102500A85EAB /* LaunchScreen.storyboard */; };
		C2C122E11FAC102500A85EAB /* main.m in Sources */ = {isa = PBXBuildFile; fileRef = C2C122E01FAC102500A85EAB /* main.m */; };
		C2C122EA1FAC108E00A85EAB /* KNSegmentView.m in Sources */ = {isa = PBXBuildFile; fileRef = C2C122E91FAC108E00A85EAB /* KNSegmentView.m */; };
/* End PBXBuildFile section */

/* Begin PBXFileReference section */
		C2C122CE1FAC102500A85EAB /* KNSegmentView.app */ = {isa = PBXFileReference; explicitFileType = wrapper.application; includeInIndex = 0; path = KNSegmentView.app; sourceTree = BUILT_PRODUCTS_DIR; };
		C2C122D11FAC102500A85EAB /* AppDelegate.h */ = {isa = PBXFileReference; lastKnownFileType = sourcecode.c.h; path = AppDelegate.h; sourceTree = "<group>"; };
		C2C122D21FAC102500A85EAB /* AppDelegate.m */ = {isa = PBXFileReference; lastKnownFileType = sourcecode.c.objc; path = AppDelegate.m; sourceTree = "<group>"; };
		C2C122D41FAC102500A85EAB /* ViewController.h */ = {isa = PBXFileReference; lastKnownFileType = sourcecode.c.h; path = ViewController.h; sourceTree = "<group>"; };
		C2C122D51FAC102500A85EAB /* ViewController.m */ = {isa = PBXFileReference; lastKnownFileType = sourcecode.c.objc; path = ViewController.m; sourceTree = "<group>"; };
		C2C122D81FAC102500A85EAB /* Base */ = {isa = PBXFileReference; lastKnownFileType = file.storyboard; name = Base; path = Base.lproj/Main.storyboard; sourceTree = "<group>"; };
		C2C122DA1FAC102500A85EAB /* Assets.xcassets */ = {isa = PBXFileReference; lastKnownFileType = folder.assetcatalog; path = Assets.xcassets; sourceTree = "<group>"; };
		C2C122DD1FAC102500A85EAB /* Base */ = {isa = PBXFileReference; lastKnownFileType = file.storyboard; name = Base; path = Base.lproj/LaunchScreen.storyboard; sourceTree = "<group>"; };
		C2C122DF1FAC102500A85EAB /* Info.plist */ = {isa = PBXFileReference; lastKnownFileType = text.plist.xml; path = Info.plist; sourceTree = "<group>"; };
		C2C122E01FAC102500A85EAB /* main.m */ = {isa = PBXFileReference; lastKnownFileType = sourcecode.c.objc; path = main.m; sourceTree = "<group>"; };
		C2C122E81FAC108E00A85EAB /* KNSegmentView.h */ = {isa = PBXFileReference; lastKnownFileType = sourcecode.c.h; path = KNSegmentView.h; sourceTree = "<group>"; };
		C2C122E91FAC108E00A85EAB /* KNSegmentView.m */ = {isa = PBXFileReference; lastKnownFileType = sourcecode.c.objc; path = KNSegmentView.m; sourceTree = "<group>"; };
/* End PBXFileReference section */

/* Begin PBXFrameworksBuildPhase section */
		C2C122CB1FAC102500A85EAB /* Frameworks */ = {
			isa = PBXFrameworksBuildPhase;
			buildActionMask = 2147483647;
			files = (
			);
			runOnlyForDeploymentPostprocessing = 0;
		};
/* End PBXFrameworksBuildPhase section */

/* Begin PBXGroup section */
		C2C122C51FAC102500A85EAB = {
			isa = PBXGroup;
			children = (
				C2C122D01FAC102500A85EAB /* KNSegmentView */,
				C2C122CF1FAC102500A85EAB /* Products */,
			);
			sourceTree = "<group>";
		};
		C2C122CF1FAC102500A85EAB /* Products */ = {
			isa = PBXGroup;
			children = (
				C2C122CE1FAC102500A85EAB /* KNSegmentView.app */,
			);
			name = Products;
			sourceTree = "<group>";
		};
		C2C122D01FAC102500A85EAB /* KNSegmentView */ = {
			isa = PBXGroup;
			children = (
				C2C122E71FAC104F00A85EAB /* SegmentView */,
				C2C122D11FAC102500A85EAB /* AppDelegate.h */,
				C2C122D21FAC102500A85EAB /* AppDelegate.m */,
				C2C122D41FAC102500A85EAB /* ViewController.h */,
				C2C122D51FAC102500A85EAB /* ViewController.m */,
				C2C122D71FAC102500A85EAB /* Main.storyboard */,
				C2C122DA1FAC102500A85EAB /* Assets.xcassets */,
				C2C122DC1FAC102500A85EAB /* LaunchScreen.storyboard */,
				C2C122DF1FAC102500A85EAB /* Info.plist */,
				C2C122E01FAC102500A85EAB /* main.m */,
			);
			path = KNSegmentView;
			sourceTree = "<group>";
		};
		C2C122E71FAC104F00A85EAB /* SegmentView */ = {
			isa = PBXGroup;
			children = (
				C2C122E81FAC108E00A85EAB /* KNSegmentView.h */,
				C2C122E91FAC108E00A85EAB /* KNSegmentView.m */,
			);
			path = SegmentView;
			sourceTree = "<group>";
		};
/* End PBXGroup section */

/* Begin PBXNativeTarget section */
		C2C122CD1FAC102500A85EAB /* KNSegmentView */ = {
			isa = PBXNativeTarget;
			buildConfigurationList = C2C122E41FAC102500A85EAB /* Build configuration list for PBXNativeTarget "KNSegmentView" */;
			buildPhases = (
				C2C122CA1FAC102500A85EAB /* Sources */,
				C2C122CB1FAC102500A85EAB /* Frameworks */,
				C2C122CC1FAC102500A85EAB /* Resources */,
			);
			buildRules = (
			);
			dependencies = (
			);
			name = KNSegmentView;
			productName = KNSegmentView;
			productReference = C2C122CE1FAC102500A85EAB /* KNSegmentView.app */;
			productType = "com.apple.product-type.application";
		};
/* End PBXNativeTarget section */

/* Begin PBXProject section */
		C2C122C61FAC102500A85EAB /* Project object */ = {
			isa = PBXProject;
			attributes = {
				LastUpgradeCheck = 0910;
				ORGANIZATIONNAME = KrystalName;
				TargetAttributes = {
					C2C122CD1FAC102500A85EAB = {
						CreatedOnToolsVersion = 9.1;
						ProvisioningStyle = Automatic;
					};
				};
			};
			buildConfigurationList = C2C122C91FAC102500A85EAB /* Build configuration list for PBXProject "KNSegmentView" */;
			compatibilityVersion = "Xcode 8.0";
			developmentRegion = en;
			hasScannedForEncodings = 0;
			knownRegions = (
				en,
				Base,
			);
			mainGroup = C2C122C51FAC102500A85EAB;
			productRefGroup = C2C122CF1FAC102500A85EAB /* Products */;
			projectDirPath = "";
			projectRoot = "";
			targets = (
				C2C122CD1FAC102500A85EAB /* KNSegmentView */,
			);
		};
/* End PBXProject section */

/* Begin PBXResourcesBuildPhase section */
		C2C122CC1FAC102500A85EAB /* Resources */ = {
			isa = PBXResourcesBuildPhase;
			buildActionMask = 2147483647;
			files = (
				C2C122DE1FAC102500A85EAB /* LaunchScreen.storyboard in Resources */,
				C2C122DB1FAC102500A85EAB /* Assets.xcassets in Resources */,
				C2C122D91FAC102500A85EAB /* Main.storyboard in Resources */,
			);
			runOnlyForDeploymentPostprocessing = 0;
		};
/* End PBXResourcesBuildPhase section */

/* Begin PBXSourcesBuildPhase section */
		C2C122CA1FAC102500A85EAB /* Sources */ = {
			isa = PBXSourcesBuildPhase;
			buildActionMask = 2147483647;
			files = (
				C2C122D61FAC102500A85EAB /* ViewController.m in Sources */,
				C2C122EA1FAC108E00A85EAB /* KNSegmentView.m in Sources */,
				C2C122E11FAC102500A85EAB /* main.m in Sources */,
				C2C122D31FAC102500A85EAB /* AppDelegate.m in Sources */,
			);
			runOnlyForDeploymentPostprocessing = 0;
		};
/* End PBXSourcesBuildPhase section */

/* Begin PBXVariantGroup section */
		C2C122D71FAC102500A85EAB /* Main.storyboard */ = {
			isa = PBXVariantGroup;
			children = (
				C2C122D81FAC102500A85EAB /* Base */,
			);
			name = Main.storyboard;
			sourceTree = "<group>";
		};
		C2C122DC1FAC102500A85EAB /* LaunchScreen.storyboard */ = {
			isa = PBXVariantGroup;
			children = (
				C2C122DD1FAC102500A85EAB /* Base */,
			);
			name = LaunchScreen.storyboard;
			sourceTree = "<group>";
		};
/* End PBXVariantGroup section */

/* Begin XCBuildConfiguration section */
		C2C122E21FAC102500A85EAB /* Debug */ = {
			isa = XCBuildConfiguration;
			buildSettings = {
				ALWAYS_SEARCH_USER_PATHS = NO;
				CLANG_ANALYZER_NONNULL = YES;
				CLANG_ANALYZER_NUMBER_OBJECT_CONVERSION = YES_AGGRESSIVE;
				CLANG_CXX_LANGUAGE_STANDARD = "gnu++14";
				CLANG_CXX_LIBRARY = "libc++";
				CLANG_ENABLE_MODULES = YES;
				CLANG_ENABLE_OBJC_ARC = YES;
				CLANG_WARN_BLOCK_CAPTURE_AUTORELEASING = YES;
				CLANG_WARN_BOOL_CONVERSION = YES;
				CLANG_WARN_COMMA = YES;
				CLANG_WARN_CONSTANT_CONVERSION = YES;
				CLANG_WARN_DIRECT_OBJC_ISA_USAGE = YES_ERROR;
				CLANG_WARN_DOCUMENTATION_COMMENTS = YES;
				CLANG_WARN_EMPTY_BODY = YES;
				CLANG_WARN_ENUM_CONVERSION = YES;
				CLANG_WARN_INFINITE_RECURSION = YES;
				CLANG_WARN_INT_CONVERSION = YES;
				CLANG_WARN_NON_LITERAL_NULL_CONVERSION = YES;
				CLANG_WARN_OBJC_LITERAL_CONVERSION = YES;
				CLANG_WARN_OBJC_ROOT_CLASS = YES_ERROR;
				CLANG_WARN_RANGE_LOOP_ANALYSIS = YES;
				CLANG_WARN_STRICT_PROTOTYPES = YES;
				CLANG_WARN_SUSPICIOUS_MOVE = YES;
				CLANG_WARN_UNGUARDED_AVAILABILITY = YES_AGGRESSIVE;
				CLANG_WARN_UNREACHABLE_CODE = YES;
				CLANG_WARN__DUPLICATE_METHOD_MATCH = YES;
				CODE_SIGN_IDENTITY = "iPhone Developer";
				COPY_PHASE_STRIP = NO;
				DEBUG_INFORMATION_FORMAT = dwarf;
				ENABLE_STRICT_OBJC_MSGSEND = YES;
				ENABLE_TESTABILITY = YES;
				GCC_C_LANGUAGE_STANDARD = gnu11;
				GCC_DYNAMIC_NO_PIC = NO;
				GCC_NO_COMMON_BLOCKS = YES;
				GCC_OPTIMIZATION_LEVEL = 0;
				GCC_PREPROCESSOR_DEFINITIONS = (
					"DEBUG=1",
					"$(inherited)",
				);
				GCC_WARN_64_TO_32_BIT_CONVERSION = YES;
				GCC_WARN_ABOUT_RETURN_TYPE = YES_ERROR;
				GCC_WARN_UNDECLARED_SELECTOR = YES;
				GCC_WARN_UNINITIALIZED_AUTOS = YES_AGGRESSIVE;
				GCC_WARN_UNUSED_FUNCTION = YES;
				GCC_WARN_UNUSED_VARIABLE = YES;
				IPHONEOS_DEPLOYMENT_TARGET = 11.1;
				MTL_ENABLE_DEBUG_INFO = YES;
				ONLY_ACTIVE_ARCH = YES;
				SDKROOT = iphoneos;
			};
			name = Debug;
		};
		C2C122E31FAC102500A85EAB /* Release */ = {
			isa = XCBuildConfiguration;
			buildSettings = {
				ALWAYS_SEARCH_USER_PATHS = NO;
				CLANG_ANALYZER_NONNULL = YES;
				CLANG_ANALYZER_NUMBER_OBJECT_CONVERSION = YES_AGGRESSIVE;
				CLANG_CXX_LANGUAGE_STANDARD = "gnu++14";
				CLANG_CXX_LIBRARY = "libc++";
				CLANG_ENABLE_MODULES = YES;
				CLANG_ENABLE_OBJC_ARC = YES;
				CLANG_WARN_BLOCK_CAPTURE_AUTORELEASING = YES;
				CLANG_WARN_BOOL_CONVERSION = YES;
				CLANG_WARN_COMMA = YES;
				CLANG_WARN_CONSTANT_CONVERSION = YES;
				CLANG_WARN_DIRECT_OBJC_ISA_USAGE = YES_ERROR;
				CLANG_WARN_DOCUMENTATION_COMMENTS = YES;
				CLANG_WARN_EMPTY_BODY = YES;
				CLANG_WARN_ENUM_CONVERSION = YES;
				CLANG_WARN_INFINITE_RECURSION = YES;
				CLANG_WARN_INT_CONVERSION = YES;
				CLANG_WARN_NON_LITERAL_NULL_CONVERSION = YES;
				CLANG_WARN_OBJC_LITERAL_CONVERSION = YES;
				CLANG_WARN_OBJC_ROOT_CLASS = YES_ERROR;
				CLANG_WARN_RANGE_LOOP_ANALYSIS = YES;
				CLANG_WARN_STRICT_PROTOTYPES = YES;
				CLANG_WARN_SUSPICIOUS_MOVE = YES;
				CLANG_WARN_UNGUARDED_AVAILABILITY = YES_AGGRESSIVE;
				CLANG_WARN_UNREACHABLE_CODE = YES;
				CLANG_WARN__DUPLICATE_METHOD_MATCH = YES;
				CODE_SIGN_IDENTITY = "iPhone Developer";
				COPY_PHASE_STRIP = NO;
				DEBUG_INFORMATION_FORMAT = "dwarf-with-dsym";
				ENABLE_NS_ASSERTIONS = NO;
				ENABLE_STRICT_OBJC_MSGSEND = YES;
				GCC_C_LANGUAGE_STANDARD = gnu11;
				GCC_NO_COMMON_BLOCKS = YES;
				GCC_WARN_64_TO_32_BIT_CONVERSION = YES;
				GCC_WARN_ABOUT_RETURN_TYPE = YES_ERROR;
				GCC_WARN_UNDECLARED_SELECTOR = YES;
				GCC_WARN_UNINITIALIZED_AUTOS = YES_AGGRESSIVE;
				GCC_WARN_UNUSED_FUNCTION = YES;
				GCC_WARN_UNUSED_VARIABLE = YES;
				IPHONEOS_DEPLOYMENT_TARGET = 11.1;
				MTL_ENABLE_DEBUG_INFO = NO;
				SDKROOT = iphoneos;
				VALIDATE_PRODUCT = YES;
			};
			name = Release;
		};
		C2C122E51FAC102500A85EAB /* Debug */ = {
			isa = XCBuildConfiguration;
			buildSettings = {
				ASSETCATALOG_COMPILER_APPICON_NAME = AppIcon;
				CODE_SIGN_STYLE = Automatic;
				DEVELOPMENT_TEAM = VG6Q85865M;
				INFOPLIST_FILE = KNSegmentView/Info.plist;
				LD_RUNPATH_SEARCH_PATHS = "$(inherited) @executable_path/Frameworks";
				PRODUCT_BUNDLE_IDENTIFIER = Leessang.KNSegmentView;
				PRODUCT_NAME = "$(TARGET_NAME)";
				TARGETED_DEVICE_FAMILY = "1,2";
			};
			name = Debug;
		};
		C2C122E61FAC102500A85EAB /* Release */ = {
			isa = XCBuildConfiguration;
			buildSettings = {
				ASSETCATALOG_COMPILER_APPICON_NAME = AppIcon;
				CODE_SIGN_STYLE = Automatic;
				DEVELOPMENT_TEAM = VG6Q85865M;
				INFOPLIST_FILE = KNSegmentView/Info.plist;
				LD_RUNPATH_SEARCH_PATHS = "$(inherited) @executable_path/Frameworks";
				PRODUCT_BUNDLE_IDENTIFIER = Leessang.KNSegmentView;
				PRODUCT_NAME = "$(TARGET_NAME)";
				TARGETED_DEVICE_FAMILY = "1,2";
			};
			name = Release;
		};
/* End XCBuildConfiguration section */

/* Begin XCConfigurationList section */
		C2C122C91FAC102500A85EAB /* Build configuration list for PBXProject "KNSegmentView" */ = {
			isa = XCConfigurationList;
			buildConfigurations = (
				C2C122E21FAC102500A85EAB /* Debug */,
				C2C122E31FAC102500A85EAB /* Release */,
			);
			defaultConfigurationIsVisible = 0;
			defaultConfigurationName = Release;
		};
		C2C122E41FAC102500A85EAB /* Build configuration list for PBXNativeTarget "KNSegmentView" */ = {
			isa = XCConfigurationList;
			buildConfigurations = (
				C2C122E51FAC102500A85EAB /* Debug */,
				C2C122E61FAC102500A85EAB /* Release */,
			);
			defaultConfigurationIsVisible = 0;
			defaultConfigurationName = Release;
		};
/* End XCConfigurationList section */
	};
	rootObject = C2C122C61FAC102500A85EAB /* Project object */;
}
